// !$*UTF8*$!
{
	archiveVersion = 1;
	classes = {
	};
	objectVersion = 46;
	objects = {

/* Begin PBXBuildFile section */
		AB7FC7181C4DA4950087A549 /* main.m in Sources */ = {isa = PBXBuildFile; fileRef = AB7FC7171C4DA4950087A549 /* main.m */; };
		AB7FC71B1C4DA4950087A549 /* AppDelegate.m in Sources */ = {isa = PBXBuildFile; fileRef = AB7FC71A1C4DA4950087A549 /* AppDelegate.m */; };
		AB7FC71E1C4DA4950087A549 /* ViewController.m in Sources */ = {isa = PBXBuildFile; fileRef = AB7FC71D1C4DA4950087A549 /* ViewController.m */; };
		AB7FC7211C4DA4950087A549 /* Main.storyboard in Resources */ = {isa = PBXBuildFile; fileRef = AB7FC71F1C4DA4950087A549 /* Main.storyboard */; };
		AB7FC7231C4DA4950087A549 /* Assets.xcassets in Resources */ = {isa = PBXBuildFile; fileRef = AB7FC7221C4DA4950087A549 /* Assets.xcassets */; };
		AB7FC7311C4DA4950087A549 /* BetterMathTests.m in Sources */ = {isa = PBXBuildFile; fileRef = AB7FC7301C4DA4950087A549 /* BetterMathTests.m */; };
		AB7FC73C1C4DA4950087A549 /* BetterMathUITests.m in Sources */ = {isa = PBXBuildFile; fileRef = AB7FC73B1C4DA4950087A549 /* BetterMathUITests.m */; };
		AB7FC74B1C4DC18F0087A549 /* Player.m in Sources */ = {isa = PBXBuildFile; fileRef = AB7FC74A1C4DC18F0087A549 /* Player.m */; };
		AB7FC74E1C4DC2320087A549 /* GameModel.m in Sources */ = {isa = PBXBuildFile; fileRef = AB7FC74D1C4DC2320087A549 /* GameModel.m */; };
/* End PBXBuildFile section */

/* Begin PBXContainerItemProxy section */
		AB7FC72D1C4DA4950087A549 /* PBXContainerItemProxy */ = {
			isa = PBXContainerItemProxy;
			containerPortal = AB7FC70B1C4DA4950087A549 /* Project object */;
			proxyType = 1;
			remoteGlobalIDString = AB7FC7121C4DA4950087A549;
			remoteInfo = BetterMath;
		};
		AB7FC7381C4DA4950087A549 /* PBXContainerItemProxy */ = {
			isa = PBXContainerItemProxy;
			containerPortal = AB7FC70B1C4DA4950087A549 /* Project object */;
			proxyType = 1;
			remoteGlobalIDString = AB7FC7121C4DA4950087A549;
			remoteInfo = BetterMath;
		};
/* End PBXContainerItemProxy section */

/* Begin PBXFileReference section */
		AB7FC7131C4DA4950087A549 /* BetterMath.app */ = {isa = PBXFileReference; explicitFileType = wrapper.application; includeInIndex = 0; path = BetterMath.app; sourceTree = BUILT_PRODUCTS_DIR; };
		AB7FC7171C4DA4950087A549 /* main.m */ = {isa = PBXFileReference; lastKnownFileType = sourcecode.c.objc; path = main.m; sourceTree = "<group>"; };
		AB7FC7191C4DA4950087A549 /* AppDelegate.h */ = {isa = PBXFileReference; lastKnownFileType = sourcecode.c.h; path = AppDelegate.h; sourceTree = "<group>"; };
		AB7FC71A1C4DA4950087A549 /* AppDelegate.m */ = {isa = PBXFileReference; lastKnownFileType = sourcecode.c.objc; path = AppDelegate.m; sourceTree = "<group>"; };
		AB7FC71C1C4DA4950087A549 /* ViewController.h */ = {isa = PBXFileReference; lastKnownFileType = sourcecode.c.h; path = ViewController.h; sourceTree = "<group>"; };
		AB7FC71D1C4DA4950087A549 /* ViewController.m */ = {isa = PBXFileReference; lastKnownFileType = sourcecode.c.objc; path = ViewController.m; sourceTree = "<group>"; };
		AB7FC7201C4DA4950087A549 /* Base */ = {isa = PBXFileReference; lastKnownFileType = file.storyboard; name = Base; path = Base.lproj/Main.storyboard; sourceTree = "<group>"; };
		AB7FC7221C4DA4950087A549 /* Assets.xcassets */ = {isa = PBXFileReference; lastKnownFileType = folder.assetcatalog; path = Assets.xcassets; sourceTree = "<group>"; };
		AB7FC7271C4DA4950087A549 /* Info.plist */ = {isa = PBXFileReference; lastKnownFileType = text.plist.xml; path = Info.plist; sourceTree = "<group>"; };
		AB7FC72C1C4DA4950087A549 /* BetterMathTests.xctest */ = {isa = PBXFileReference; explicitFileType = wrapper.cfbundle; includeInIndex = 0; path = BetterMathTests.xctest; sourceTree = BUILT_PRODUCTS_DIR; };
		AB7FC7301C4DA4950087A549 /* BetterMathTests.m */ = {isa = PBXFileReference; lastKnownFileType = sourcecode.c.objc; path = BetterMathTests.m; sourceTree = "<group>"; };
		AB7FC7321C4DA4950087A549 /* Info.plist */ = {isa = PBXFileReference; lastKnownFileType = text.plist.xml; path = Info.plist; sourceTree = "<group>"; };
		AB7FC7371C4DA4950087A549 /* BetterMathUITests.xctest */ = {isa = PBXFileReference; explicitFileType = wrapper.cfbundle; includeInIndex = 0; path = BetterMathUITests.xctest; sourceTree = BUILT_PRODUCTS_DIR; };
		AB7FC73B1C4DA4950087A549 /* BetterMathUITests.m */ = {isa = PBXFileReference; lastKnownFileType = sourcecode.c.objc; path = BetterMathUITests.m; sourceTree = "<group>"; };
		AB7FC73D1C4DA4950087A549 /* Info.plist */ = {isa = PBXFileReference; lastKnownFileType = text.plist.xml; path = Info.plist; sourceTree = "<group>"; };
		AB7FC7491C4DC18F0087A549 /* Player.h */ = {isa = PBXFileReference; fileEncoding = 4; lastKnownFileType = sourcecode.c.h; name = Player.h; path = ../Player.h; sourceTree = "<group>"; };
		AB7FC74A1C4DC18F0087A549 /* Player.m */ = {isa = PBXFileReference; fileEncoding = 4; lastKnownFileType = sourcecode.c.objc; name = Player.m; path = ../Player.m; sourceTree = "<group>"; };
		AB7FC74C1C4DC2320087A549 /* GameModel.h */ = {isa = PBXFileReference; fileEncoding = 4; lastKnownFileType = sourcecode.c.h; path = GameModel.h; sourceTree = "<group>"; };
		AB7FC74D1C4DC2320087A549 /* GameModel.m */ = {isa = PBXFileReference; fileEncoding = 4; lastKnownFileType = sourcecode.c.objc; path = GameModel.m; sourceTree = "<group>"; };
/* End PBXFileReference section */

/* Begin PBXFrameworksBuildPhase section */
		AB7FC7101C4DA4950087A549 /* Frameworks */ = {
			isa = PBXFrameworksBuildPhase;
			buildActionMask = 2147483647;
			files = (
			);
			runOnlyForDeploymentPostprocessing = 0;
		};
		AB7FC7291C4DA4950087A549 /* Frameworks */ = {
			isa = PBXFrameworksBuildPhase;
			buildActionMask = 2147483647;
			files = (
			);
			runOnlyForDeploymentPostprocessing = 0;
		};
		AB7FC7341C4DA4950087A549 /* Frameworks */ = {
			isa = PBXFrameworksBuildPhase;
			buildActionMask = 2147483647;
			files = (
			);
			runOnlyForDeploymentPostprocessing = 0;
		};
/* End PBXFrameworksBuildPhase section */

/* Begin PBXGroup section */
		AB7FC70A1C4DA4950087A549 = {
			isa = PBXGroup;
			children = (
				AB7FC7151C4DA4950087A549 /* BetterMath */,
				AB7FC72F1C4DA4950087A549 /* BetterMathTests */,
				AB7FC73A1C4DA4950087A549 /* BetterMathUITests */,
				AB7FC7141C4DA4950087A549 /* Products */,
			);
			sourceTree = "<group>";
		};
		AB7FC7141C4DA4950087A549 /* Products */ = {
			isa = PBXGroup;
			children = (
				AB7FC7131C4DA4950087A549 /* BetterMath.app */,
				AB7FC72C1C4DA4950087A549 /* BetterMathTests.xctest */,
				AB7FC7371C4DA4950087A549 /* BetterMathUITests.xctest */,
			);
			name = Products;
			sourceTree = "<group>";
		};
		AB7FC7151C4DA4950087A549 /* BetterMath */ = {
			isa = PBXGroup;
			children = (
				AB7FC7491C4DC18F0087A549 /* Player.h */,
				AB7FC74A1C4DC18F0087A549 /* Player.m */,
				AB7FC74C1C4DC2320087A549 /* GameModel.h */,
				AB7FC74D1C4DC2320087A549 /* GameModel.m */,
				AB7FC7191C4DA4950087A549 /* AppDelegate.h */,
				AB7FC71A1C4DA4950087A549 /* AppDelegate.m */,
				AB7FC71C1C4DA4950087A549 /* ViewController.h */,
				AB7FC71D1C4DA4950087A549 /* ViewController.m */,
				AB7FC71F1C4DA4950087A549 /* Main.storyboard */,
				AB7FC7221C4DA4950087A549 /* Assets.xcassets */,
				AB7FC7271C4DA4950087A549 /* Info.plist */,
				AB7FC7161C4DA4950087A549 /* Supporting Files */,
			);
			path = BetterMath;
			sourceTree = "<group>";
		};
		AB7FC7161C4DA4950087A549 /* Supporting Files */ = {
			isa = PBXGroup;
			children = (
				AB7FC7171C4DA4950087A549 /* main.m */,
			);
			name = "Supporting Files";
			sourceTree = "<group>";
		};
		AB7FC72F1C4DA4950087A549 /* BetterMathTests */ = {
			isa = PBXGroup;
			children = (
				AB7FC7301C4DA4950087A549 /* BetterMathTests.m */,
				AB7FC7321C4DA4950087A549 /* Info.plist */,
			);
			path = BetterMathTests;
			sourceTree = "<group>";
		};
		AB7FC73A1C4DA4950087A549 /* BetterMathUITests */ = {
			isa = PBXGroup;
			children = (
				AB7FC73B1C4DA4950087A549 /* BetterMathUITests.m */,
				AB7FC73D1C4DA4950087A549 /* Info.plist */,
			);
			path = BetterMathUITests;
			sourceTree = "<group>";
		};
/* End PBXGroup section */

/* Begin PBXNativeTarget section */
		AB7FC7121C4DA4950087A549 /* BetterMath */ = {
			isa = PBXNativeTarget;
			buildConfigurationList = AB7FC7401C4DA4950087A549 /* Build configuration list for PBXNativeTarget "BetterMath" */;
			buildPhases = (
				AB7FC70F1C4DA4950087A549 /* Sources */,
				AB7FC7101C4DA4950087A549 /* Frameworks */,
				AB7FC7111C4DA4950087A549 /* Resources */,
			);
			buildRules = (
			);
			dependencies = (
			);
			name = BetterMath;
			productName = BetterMath;
			productReference = AB7FC7131C4DA4950087A549 /* BetterMath.app */;
			productType = "com.apple.product-type.application";
		};
		AB7FC72B1C4DA4950087A549 /* BetterMathTests */ = {
			isa = PBXNativeTarget;
			buildConfigurationList = AB7FC7431C4DA4950087A549 /* Build configuration list for PBXNativeTarget "BetterMathTests" */;
			buildPhases = (
				AB7FC7281C4DA4950087A549 /* Sources */,
				AB7FC7291C4DA4950087A549 /* Frameworks */,
				AB7FC72A1C4DA4950087A549 /* Resources */,
			);
			buildRules = (
			);
			dependencies = (
				AB7FC72E1C4DA4950087A549 /* PBXTargetDependency */,
			);
			name = BetterMathTests;
			productName = BetterMathTests;
			productReference = AB7FC72C1C4DA4950087A549 /* BetterMathTests.xctest */;
			productType = "com.apple.product-type.bundle.unit-test";
		};
		AB7FC7361C4DA4950087A549 /* BetterMathUITests */ = {
			isa = PBXNativeTarget;
			buildConfigurationList = AB7FC7461C4DA4950087A549 /* Build configuration list for PBXNativeTarget "BetterMathUITests" */;
			buildPhases = (
				AB7FC7331C4DA4950087A549 /* Sources */,
				AB7FC7341C4DA4950087A549 /* Frameworks */,
				AB7FC7351C4DA4950087A549 /* Resources */,
			);
			buildRules = (
			);
			dependencies = (
				AB7FC7391C4DA4950087A549 /* PBXTargetDependency */,
			);
			name = BetterMathUITests;
			productName = BetterMathUITests;
			productReference = AB7FC7371C4DA4950087A549 /* BetterMathUITests.xctest */;
			productType = "com.apple.product-type.bundle.ui-testing";
		};
/* End PBXNativeTarget section */

/* Begin PBXProject section */
		AB7FC70B1C4DA4950087A549 /* Project object */ = {
			isa = PBXProject;
			attributes = {
				LastUpgradeCheck = 0720;
				ORGANIZATIONNAME = "Kerry Toonen";
				TargetAttributes = {
					AB7FC7121C4DA4950087A549 = {
						CreatedOnToolsVersion = 7.2;
						DevelopmentTeam = 9QSWA6BJVQ;
					};
					AB7FC72B1C4DA4950087A549 = {
						CreatedOnToolsVersion = 7.2;
						DevelopmentTeam = 9QSWA6BJVQ;
						TestTargetID = AB7FC7121C4DA4950087A549;
					};
					AB7FC7361C4DA4950087A549 = {
						CreatedOnToolsVersion = 7.2;
						DevelopmentTeam = 9QSWA6BJVQ;
						TestTargetID = AB7FC7121C4DA4950087A549;
					};
				};
			};
			buildConfigurationList = AB7FC70E1C4DA4950087A549 /* Build configuration list for PBXProject "BetterMath" */;
			compatibilityVersion = "Xcode 3.2";
			developmentRegion = English;
			hasScannedForEncodings = 0;
			knownRegions = (
				en,
				Base,
			);
			mainGroup = AB7FC70A1C4DA4950087A549;
			productRefGroup = AB7FC7141C4DA4950087A549 /* Products */;
			projectDirPath = "";
			projectRoot = "";
			targets = (
				AB7FC7121C4DA4950087A549 /* BetterMath */,
				AB7FC72B1C4DA4950087A549 /* BetterMathTests */,
				AB7FC7361C4DA4950087A549 /* BetterMathUITests */,
			);
		};
/* End PBXProject section */

/* Begin PBXResourcesBuildPhase section */
		AB7FC7111C4DA4950087A549 /* Resources */ = {
			isa = PBXResourcesBuildPhase;
			buildActionMask = 2147483647;
			files = (
				AB7FC7231C4DA4950087A549 /* Assets.xcassets in Resources */,
				AB7FC7211C4DA4950087A549 /* Main.storyboard in Resources */,
			);
			runOnlyForDeploymentPostprocessing = 0;
		};
		AB7FC72A1C4DA4950087A549 /* Resources */ = {
			isa = PBXResourcesBuildPhase;
			buildActionMask = 2147483647;
			files = (
			);
			runOnlyForDeploymentPostprocessing = 0;
		};
		AB7FC7351C4DA4950087A549 /* Resources */ = {
			isa = PBXResourcesBuildPhase;
			buildActionMask = 2147483647;
			files = (
			);
			runOnlyForDeploymentPostprocessing = 0;
		};
/* End PBXResourcesBuildPhase section */

/* Begin PBXSourcesBuildPhase section */
		AB7FC70F1C4DA4950087A549 /* Sources */ = {
			isa = PBXSourcesBuildPhase;
			buildActionMask = 2147483647;
			files = (
				AB7FC74B1C4DC18F0087A549 /* Player.m in Sources */,
				AB7FC71E1C4DA4950087A549 /* ViewController.m in Sources */,
				AB7FC71B1C4DA4950087A549 /* AppDelegate.m in Sources */,
				AB7FC74E1C4DC2320087A549 /* GameModel.m in Sources */,
				AB7FC7181C4DA4950087A549 /* main.m in Sources */,
			);
			runOnlyForDeploymentPostprocessing = 0;
		};
		AB7FC7281C4DA4950087A549 /* Sources */ = {
			isa = PBXSourcesBuildPhase;
			buildActionMask = 2147483647;
			files = (
				AB7FC7311C4DA4950087A549 /* BetterMathTests.m in Sources */,
			);
			runOnlyForDeploymentPostprocessing = 0;
		};
		AB7FC7331C4DA4950087A549 /* Sources */ = {
			isa = PBXSourcesBuildPhase;
			buildActionMask = 2147483647;
			files = (
				AB7FC73C1C4DA4950087A549 /* BetterMathUITests.m in Sources */,
			);
			runOnlyForDeploymentPostprocessing = 0;
		};
/* End PBXSourcesBuildPhase section */

/* Begin PBXTargetDependency section */
		AB7FC72E1C4DA4950087A549 /* PBXTargetDependency */ = {
			isa = PBXTargetDependency;
			target = AB7FC7121C4DA4950087A549 /* BetterMath */;
			targetProxy = AB7FC72D1C4DA4950087A549 /* PBXContainerItemProxy */;
		};
		AB7FC7391C4DA4950087A549 /* PBXTargetDependency */ = {
			isa = PBXTargetDependency;
			target = AB7FC7121C4DA4950087A549 /* BetterMath */;
			targetProxy = AB7FC7381C4DA4950087A549 /* PBXContainerItemProxy */;
		};
/* End PBXTargetDependency section */

/* Begin PBXVariantGroup section */
		AB7FC71F1C4DA4950087A549 /* Main.storyboard */ = {
			isa = PBXVariantGroup;
			children = (
				AB7FC7201C4DA4950087A549 /* Base */,
			);
			name = Main.storyboard;
			sourceTree = "<group>";
		};
/* End PBXVariantGroup section */

/* Begin XCBuildConfiguration section */
		AB7FC73E1C4DA4950087A549 /* Debug */ = {
			isa = XCBuildConfiguration;
			buildSettings = {
				ALWAYS_SEARCH_USER_PATHS = NO;
				CLANG_CXX_LANGUAGE_STANDARD = "gnu++0x";
				CLANG_CXX_LIBRARY = "libc++";
				CLANG_ENABLE_MODULES = YES;
				CLANG_ENABLE_OBJC_ARC = YES;
				CLANG_WARN_BOOL_CONVERSION = YES;
				CLANG_WARN_CONSTANT_CONVERSION = YES;
				CLANG_WARN_DIRECT_OBJC_ISA_USAGE = YES_ERROR;
				CLANG_WARN_EMPTY_BODY = YES;
				CLANG_WARN_ENUM_CONVERSION = YES;
				CLANG_WARN_INT_CONVERSION = YES;
				CLANG_WARN_OBJC_ROOT_CLASS = YES_ERROR;
				CLANG_WARN_UNREACHABLE_CODE = YES;
				CLANG_WARN__DUPLICATE_METHOD_MATCH = YES;
				"CODE_SIGN_IDENTITY[sdk=iphoneos*]" = "iPhone Developer";
				COPY_PHASE_STRIP = NO;
				DEBUG_INFORMATION_FORMAT = dwarf;
				ENABLE_STRICT_OBJC_MSGSEND = YES;
				ENABLE_TESTABILITY = YES;
				GCC_C_LANGUAGE_STANDARD = gnu99;
				GCC_DYNAMIC_NO_PIC = NO;
				GCC_NO_COMMON_BLOCKS = YES;
				GCC_OPTIMIZATION_LEVEL = 0;
				GCC_PREPROCESSOR_DEFINITIONS = (
					"DEBUG=1",
					"$(inherited)",
				);
				GCC_WARN_64_TO_32_BIT_CONVERSION = YES;
				GCC_WARN_ABOUT_RETURN_TYPE = YES_ERROR;
				GCC_WARN_UNDECLARED_SELECTOR = YES;
				GCC_WARN_UNINITIALIZED_AUTOS = YES_AGGRESSIVE;
				GCC_WARN_UNUSED_FUNCTION = YES;
				GCC_WARN_UNUSED_VARIABLE = YES;
				IPHONEOS_DEPLOYMENT_TARGET = 9.2;
				MTL_ENABLE_DEBUG_INFO = YES;
				ONLY_ACTIVE_ARCH = YES;
				SDKROOT = iphoneos;
			};
			name = Debug;
		};
		AB7FC73F1C4DA4950087A549 /* Release */ = {
			isa = XCBuildConfiguration;
			buildSettings = {
				ALWAYS_SEARCH_USER_PATHS = NO;
				CLANG_CXX_LANGUAGE_STANDARD = "gnu++0x";
				CLANG_CXX_LIBRARY = "libc++";
				CLANG_ENABLE_MODULES = YES;
				CLANG_ENABLE_OBJC_ARC = YES;
				CLANG_WARN_BOOL_CONVERSION = YES;
				CLANG_WARN_CONSTANT_CONVERSION = YES;
				CLANG_WARN_DIRECT_OBJC_ISA_USAGE = YES_ERROR;
				CLANG_WARN_EMPTY_BODY = YES;
				CLANG_WARN_ENUM_CONVERSION = YES;
				CLANG_WARN_INT_CONVERSION = YES;
				CLANG_WARN_OBJC_ROOT_CLASS = YES_ERROR;
				CLANG_WARN_UNREACHABLE_CODE = YES;
				CLANG_WARN__DUPLICATE_METHOD_MATCH = YES;
				"CODE_SIGN_IDENTITY[sdk=iphoneos*]" = "iPhone Developer";
				COPY_PHASE_STRIP = NO;
				DEBUG_INFORMATION_FORMAT = "dwarf-with-dsym";
				ENABLE_NS_ASSERTIONS = NO;
				ENABLE_STRICT_OBJC_MSGSEND = YES;
				GCC_C_LANGUAGE_STANDARD = gnu99;
				GCC_NO_COMMON_BLOCKS = YES;
				GCC_WARN_64_TO_32_BIT_CONVERSION = YES;
				GCC_WARN_ABOUT_RETURN_TYPE = YES_ERROR;
				GCC_WARN_UNDECLARED_SELECTOR = YES;
				GCC_WARN_UNINITIALIZED_AUTOS = YES_AGGRESSIVE;
				GCC_WARN_UNUSED_FUNCTION = YES;
				GCC_WARN_UNUSED_VARIABLE = YES;
				IPHONEOS_DEPLOYMENT_TARGET = 9.2;
				MTL_ENABLE_DEBUG_INFO = NO;
				SDKROOT = iphoneos;
				VALIDATE_PRODUCT = YES;
			};
			name = Release;
		};
		AB7FC7411C4DA4950087A549 /* Debug */ = {
			isa = XCBuildConfiguration;
			buildSettings = {
				ASSETCATALOG_COMPILER_APPICON_NAME = AppIcon;
				INFOPLIST_FILE = BetterMath/Info.plist;
				LD_RUNPATH_SEARCH_PATHS = "$(inherited) @executable_path/Frameworks";
				PRODUCT_BUNDLE_IDENTIFIER = kerrytoonen.BetterMath;
				PRODUCT_NAME = "$(TARGET_NAME)";
				TARGETED_DEVICE_FAMILY = "1,2";
			};
			name = Debug;
		};
		AB7FC7421C4DA4950087A549 /* Release */ = {
			isa = XCBuildConfiguration;
			buildSettings = {
				ASSETCATALOG_COMPILER_APPICON_NAME = AppIcon;
				INFOPLIST_FILE = BetterMath/Info.plist;
				LD_RUNPATH_SEARCH_PATHS = "$(inherited) @executable_path/Frameworks";
				PRODUCT_BUNDLE_IDENTIFIER = kerrytoonen.BetterMath;
				PRODUCT_NAME = "$(TARGET_NAME)";
				TARGETED_DEVICE_FAMILY = "1,2";
			};
			name = Release;
		};
		AB7FC7441C4DA4950087A549 /* Debug */ = {
			isa = XCBuildConfiguration;
			buildSettings = {
				BUNDLE_LOADER = "$(TEST_HOST)";
				INFOPLIST_FILE = BetterMathTests/Info.plist;
				LD_RUNPATH_SEARCH_PATHS = "$(inherited) @executable_path/Frameworks @loader_path/Frameworks";
				PRODUCT_BUNDLE_IDENTIFIER = kerrytoonen.BetterMathTests;
				PRODUCT_NAME = "$(TARGET_NAME)";
				TEST_HOST = "$(BUILT_PRODUCTS_DIR)/BetterMath.app/BetterMath";
			};
			name = Debug;
		};
		AB7FC7451C4DA4950087A549 /* Release */ = {
			isa = XCBuildConfiguration;
			buildSettings = {
				BUNDLE_LOADER = "$(TEST_HOST)";
				INFOPLIST_FILE = BetterMathTests/Info.plist;
				LD_RUNPATH_SEARCH_PATHS = "$(inherited) @executable_path/Frameworks @loader_path/Frameworks";
				PRODUCT_BUNDLE_IDENTIFIER = kerrytoonen.BetterMathTests;
				PRODUCT_NAME = "$(TARGET_NAME)";
				TEST_HOST = "$(BUILT_PRODUCTS_DIR)/BetterMath.app/BetterMath";
			};
			name = Release;
		};
		AB7FC7471C4DA4950087A549 /* Debug */ = {
			isa = XCBuildConfiguration;
			buildSettings = {
				INFOPLIST_FILE = BetterMathUITests/Info.plist;
				LD_RUNPATH_SEARCH_PATHS = "$(inherited) @executable_path/Frameworks @loader_path/Frameworks";
				PRODUCT_BUNDLE_IDENTIFIER = kerrytoonen.BetterMathUITests;
				PRODUCT_NAME = "$(TARGET_NAME)";
				TEST_TARGET_NAME = BetterMath;
				USES_XCTRUNNER = YES;
			};
			name = Debug;
		};
		AB7FC7481C4DA4950087A549 /* Release */ = {
			isa = XCBuildConfiguration;
			buildSettings = {
				INFOPLIST_FILE = BetterMathUITests/Info.plist;
				LD_RUNPATH_SEARCH_PATHS = "$(inherited) @executable_path/Frameworks @loader_path/Frameworks";
				PRODUCT_BUNDLE_IDENTIFIER = kerrytoonen.BetterMathUITests;
				PRODUCT_NAME = "$(TARGET_NAME)";
				TEST_TARGET_NAME = BetterMath;
				USES_XCTRUNNER = YES;
			};
			name = Release;
		};
/* End XCBuildConfiguration section */

/* Begin XCConfigurationList section */
		AB7FC70E1C4DA4950087A549 /* Build configuration list for PBXProject "BetterMath" */ = {
			isa = XCConfigurationList;
			buildConfigurations = (
				AB7FC73E1C4DA4950087A549 /* Debug */,
				AB7FC73F1C4DA4950087A549 /* Release */,
			);
			defaultConfigurationIsVisible = 0;
			defaultConfigurationName = Release;
		};
		AB7FC7401C4DA4950087A549 /* Build configuration list for PBXNativeTarget "BetterMath" */ = {
			isa = XCConfigurationList;
			buildConfigurations = (
				AB7FC7411C4DA4950087A549 /* Debug */,
				AB7FC7421C4DA4950087A549 /* Release */,
			);
			defaultConfigurationIsVisible = 0;
			defaultConfigurationName = Release;
		};
		AB7FC7431C4DA4950087A549 /* Build configuration list for PBXNativeTarget "BetterMathTests" */ = {
			isa = XCConfigurationList;
			buildConfigurations = (
				AB7FC7441C4DA4950087A549 /* Debug */,
				AB7FC7451C4DA4950087A549 /* Release */,
			);
			defaultConfigurationIsVisible = 0;
			defaultConfigurationName = Release;
		};
		AB7FC7461C4DA4950087A549 /* Build configuration list for PBXNativeTarget "BetterMathUITests" */ = {
			isa = XCConfigurationList;
			buildConfigurations = (
				AB7FC7471C4DA4950087A549 /* Debug */,
				AB7FC7481C4DA4950087A549 /* Release */,
			);
			defaultConfigurationIsVisible = 0;
			defaultConfigurationName = Release;
		};
/* End XCConfigurationList section */
	};
	rootObject = AB7FC70B1C4DA4950087A549 /* Project object */;
}
